
Microsoft Visual Studio Solution File, Format Version 12.00
Project("{FAE04EC0-301F-11D3-BF4B-00C04F79EFBC}") = "PropertyBasedTesting", "src\PropertyBasedTesting\PropertyBasedTesting.csproj", "{936BB8D3-F000-4206-B5D2-CD6FCC369487}"
EndProject
Global
	GlobalSection(SolutionConfigurationPlatforms) = preSolution
		Debug|Any CPU = Debug|Any CPU
		Release|Any CPU = Release|Any CPU
	EndGlobalSection
	GlobalSection(ProjectConfigurationPlatforms) = postSolution
		{936BB8D3-F000-4206-B5D2-CD6FCC369487}.Debug|Any CPU.ActiveCfg = Debug|Any CPU
		{936BB8D3-F000-4206-B5D2-CD6FCC369487}.Debug|Any CPU.Build.0 = Debug|Any CPU
		{936BB8D3-F000-4206-B5D2-CD6FCC369487}.Release|Any CPU.ActiveCfg = Release|Any CPU
		{936BB8D3-F000-4206-B5D2-CD6FCC369487}.Release|Any CPU.Build.0 = Release|Any CPU
	EndGlobalSection
EndGlobal
